
Microsoft Visual Studio Solution File, Format Version 12.00
# Visual Studio Version 17
VisualStudioVersion = 17.9.34714.143
MinimumVisualStudioVersion = 10.0.40219.1
Project("{FAE04EC0-301F-11D3-BF4B-00C04F79EFBC}") = "Academico", "Academico\Academico.csproj", "{F359D078-E241-4136-BA07-7758D31A929E}"
EndProject
Global
	GlobalSection(SolutionConfigurationPlatforms) = preSolution
		Debug|Any CPU = Debug|Any CPU
		Release|Any CPU = Release|Any CPU
	EndGlobalSection
	GlobalSection(ProjectConfigurationPlatforms) = postSolution
		{F359D078-E241-4136-BA07-7758D31A929E}.Debug|Any CPU.ActiveCfg = Debug|Any CPU
		{F359D078-E241-4136-BA07-7758D31A929E}.Debug|Any CPU.Build.0 = Debug|Any CPU
		{F359D078-E241-4136-BA07-7758D31A929E}.Release|Any CPU.ActiveCfg = Release|Any CPU
		{F359D078-E241-4136-BA07-7758D31A929E}.Release|Any CPU.Build.0 = Release|Any CPU
	EndGlobalSection
	GlobalSection(SolutionProperties) = preSolution
		HideSolutionNode = FALSE
	EndGlobalSection
	GlobalSection(ExtensibilityGlobals) = postSolution
		SolutionGuid = {F54558AB-2D9C-474D-8A51-899CDFC27BDC}
	EndGlobalSection
EndGlobal
